
Microsoft Visual Studio Solution File, Format Version 12.00
# Visual Studio Version 17
VisualStudioVersion = 17.14.36518.9
MinimumVisualStudioVersion = 10.0.40219.1
Project("{FAE04EC0-301F-11D3-BF4B-00C04F79EFBC}") = "Projeto", "Projeto.csproj", "{53EEFC34-D45D-491E-8F31-4CC072D0CD02}"
EndProject
Global
	GlobalSection(SolutionConfigurationPlatforms) = preSolution
		Debug|Any CPU = Debug|Any CPU
		Release|Any CPU = Release|Any CPU
	EndGlobalSection
	GlobalSection(ProjectConfigurationPlatforms) = postSolution
		{53EEFC34-D45D-491E-8F31-4CC072D0CD02}.Debug|Any CPU.ActiveCfg = Debug|Any CPU
		{53EEFC34-D45D-491E-8F31-4CC072D0CD02}.Debug|Any CPU.Build.0 = Debug|Any CPU
		{53EEFC34-D45D-491E-8F31-4CC072D0CD02}.Release|Any CPU.ActiveCfg = Release|Any CPU
		{53EEFC34-D45D-491E-8F31-4CC072D0CD02}.Release|Any CPU.Build.0 = Release|Any CPU
	EndGlobalSection
	GlobalSection(SolutionProperties) = preSolution
		HideSolutionNode = FALSE
	EndGlobalSection
	GlobalSection(ExtensibilityGlobals) = postSolution
		SolutionGuid = {6CFA3FD2-0C27-455C-AE4F-CC9F600CC511}
	EndGlobalSection
EndGlobal
